# THIS IS AN AUTOGENERATED FILE. DO NOT EDIT THIS FILE DIRECTLY.
# yarn lockfile v1


react-image-file-resizer@^0.4.8:
  version "0.4.8"
  resolved "https://registry.yarnpkg.com/react-image-file-resizer/-/react-image-file-resizer-0.4.8.tgz#85f4ae4469fd2867d961568af660ef403d7a79af"
  integrity sha512-Ue7CfKnSlsfJ//SKzxNMz8avDgDSpWQDOnTKOp/GNRFJv4dO9L5YGHNEnj40peWkXXAK2OK0eRIoXhOYpUzUTQ==
